
Microsoft Visual Studio Solution File, Format Version 12.00
# Visual Studio Version 17
VisualStudioVersion = 17.14.36623.8 d17.14
MinimumVisualStudioVersion = 10.0.40219.1
Project("{FAE04EC0-301F-11D3-BF4B-00C04F79EFBC}") = "EmailSenderAPI", "..\EmailSenderAPI\EmailSenderAPI\EmailSenderAPI.csproj", "{CDB793DE-7E87-CF94-4207-DB3B05A97650}"
EndProject
Project("{FAE04EC0-301F-11D3-BF4B-00C04F79EFBC}") = "WeatherForecastAPI", "..\WeatherForecastAPI\WeatherForecastAPI\WeatherForecastAPI.csproj", "{749D0295-9327-0F0D-7231-B9172C0D7BAE}"
EndProject
Global
	GlobalSection(SolutionConfigurationPlatforms) = preSolution
		Debug|Any CPU = Debug|Any CPU
		Release|Any CPU = Release|Any CPU
	EndGlobalSection
	GlobalSection(ProjectConfigurationPlatforms) = postSolution
		{CDB793DE-7E87-CF94-4207-DB3B05A97650}.Debug|Any CPU.ActiveCfg = Debug|Any CPU
		{CDB793DE-7E87-CF94-4207-DB3B05A97650}.Debug|Any CPU.Build.0 = Debug|Any CPU
		{CDB793DE-7E87-CF94-4207-DB3B05A97650}.Release|Any CPU.ActiveCfg = Release|Any CPU
		{CDB793DE-7E87-CF94-4207-DB3B05A97650}.Release|Any CPU.Build.0 = Release|Any CPU
		{749D0295-9327-0F0D-7231-B9172C0D7BAE}.Debug|Any CPU.ActiveCfg = Debug|Any CPU
		{749D0295-9327-0F0D-7231-B9172C0D7BAE}.Debug|Any CPU.Build.0 = Debug|Any CPU
		{749D0295-9327-0F0D-7231-B9172C0D7BAE}.Release|Any CPU.ActiveCfg = Release|Any CPU
		{749D0295-9327-0F0D-7231-B9172C0D7BAE}.Release|Any CPU.Build.0 = Release|Any CPU
	EndGlobalSection
	GlobalSection(SolutionProperties) = preSolution
		HideSolutionNode = FALSE
	EndGlobalSection
	GlobalSection(ExtensibilityGlobals) = postSolution
		SolutionGuid = {65CCFCAB-B082-4E4D-901B-0055B5958769}
	EndGlobalSection
EndGlobal
